
Microsoft Visual Studio Solution File, Format Version 12.00
# Visual Studio Version 16
VisualStudioVersion = 16.0.33801.447
MinimumVisualStudioVersion = 10.0.40219.1
Project("{FAE04EC0-301F-11D3-BF4B-00C04F79EFBC}") = "GitProjectMelnik", "GitProjectMelnik\GitProjectMelnik.csproj", "{0820B846-0475-4862-B9C6-282AD8ECDC4E}"
EndProject
Global
	GlobalSection(SolutionConfigurationPlatforms) = preSolution
		Debug|Any CPU = Debug|Any CPU
		Release|Any CPU = Release|Any CPU
	EndGlobalSection
	GlobalSection(ProjectConfigurationPlatforms) = postSolution
		{0820B846-0475-4862-B9C6-282AD8ECDC4E}.Debug|Any CPU.ActiveCfg = Debug|Any CPU
		{0820B846-0475-4862-B9C6-282AD8ECDC4E}.Debug|Any CPU.Build.0 = Debug|Any CPU
		{0820B846-0475-4862-B9C6-282AD8ECDC4E}.Release|Any CPU.ActiveCfg = Release|Any CPU
		{0820B846-0475-4862-B9C6-282AD8ECDC4E}.Release|Any CPU.Build.0 = Release|Any CPU
	EndGlobalSection
	GlobalSection(SolutionProperties) = preSolution
		HideSolutionNode = FALSE
	EndGlobalSection
	GlobalSection(ExtensibilityGlobals) = postSolution
		SolutionGuid = {FBC9F936-46C6-465C-AEBA-572CFC6D56E0}
	EndGlobalSection
EndGlobal
